
Microsoft Visual Studio Solution File, Format Version 12.00
# Visual Studio Version 17
VisualStudioVersion = 17.5.33502.453
MinimumVisualStudioVersion = 10.0.40219.1
Project("{FAE04EC0-301F-11D3-BF4B-00C04F79EFBC}") = "Task_2", "Task_2\Task_2.csproj", "{3CA2E820-F1E5-45C9-9754-8FB4EF599B5B}"
EndProject
Project("{FAE04EC0-301F-11D3-BF4B-00C04F79EFBC}") = "Task_4", "Task_4\Task_4.csproj", "{3DDB3E63-0F31-4D16-8027-7805B8BF1509}"
EndProject
Project("{FAE04EC0-301F-11D3-BF4B-00C04F79EFBC}") = "Task_6", "Task_6\Task_6.csproj", "{29AEE2E6-F436-4176-95A5-49E733181774}"
EndProject
Project("{FAE04EC0-301F-11D3-BF4B-00C04F79EFBC}") = "Task_3", "Task_3\Task_3.csproj", "{4353B9FB-FB29-439E-89ED-12EF40DA3606}"
EndProject
Global
	GlobalSection(SolutionConfigurationPlatforms) = preSolution
		Debug|Any CPU = Debug|Any CPU
		Release|Any CPU = Release|Any CPU
	EndGlobalSection
	GlobalSection(ProjectConfigurationPlatforms) = postSolution
		{3CA2E820-F1E5-45C9-9754-8FB4EF599B5B}.Debug|Any CPU.ActiveCfg = Debug|Any CPU
		{3CA2E820-F1E5-45C9-9754-8FB4EF599B5B}.Debug|Any CPU.Build.0 = Debug|Any CPU
		{3CA2E820-F1E5-45C9-9754-8FB4EF599B5B}.Release|Any CPU.ActiveCfg = Release|Any CPU
		{3CA2E820-F1E5-45C9-9754-8FB4EF599B5B}.Release|Any CPU.Build.0 = Release|Any CPU
		{3DDB3E63-0F31-4D16-8027-7805B8BF1509}.Debug|Any CPU.ActiveCfg = Debug|Any CPU
		{3DDB3E63-0F31-4D16-8027-7805B8BF1509}.Debug|Any CPU.Build.0 = Debug|Any CPU
		{3DDB3E63-0F31-4D16-8027-7805B8BF1509}.Release|Any CPU.ActiveCfg = Release|Any CPU
		{3DDB3E63-0F31-4D16-8027-7805B8BF1509}.Release|Any CPU.Build.0 = Release|Any CPU
		{29AEE2E6-F436-4176-95A5-49E733181774}.Debug|Any CPU.ActiveCfg = Debug|Any CPU
		{29AEE2E6-F436-4176-95A5-49E733181774}.Debug|Any CPU.Build.0 = Debug|Any CPU
		{29AEE2E6-F436-4176-95A5-49E733181774}.Release|Any CPU.ActiveCfg = Release|Any CPU
		{29AEE2E6-F436-4176-95A5-49E733181774}.Release|Any CPU.Build.0 = Release|Any CPU
		{4353B9FB-FB29-439E-89ED-12EF40DA3606}.Debug|Any CPU.ActiveCfg = Debug|Any CPU
		{4353B9FB-FB29-439E-89ED-12EF40DA3606}.Debug|Any CPU.Build.0 = Debug|Any CPU
		{4353B9FB-FB29-439E-89ED-12EF40DA3606}.Release|Any CPU.ActiveCfg = Release|Any CPU
		{4353B9FB-FB29-439E-89ED-12EF40DA3606}.Release|Any CPU.Build.0 = Release|Any CPU
	EndGlobalSection
	GlobalSection(SolutionProperties) = preSolution
		HideSolutionNode = FALSE
	EndGlobalSection
	GlobalSection(ExtensibilityGlobals) = postSolution
		SolutionGuid = {D931BF4B-4EB6-4382-9AEE-A6BEEBEABD06}
	EndGlobalSection
EndGlobal
